
Microsoft Visual Studio Solution File, Format Version 12.00
# Visual Studio 14
VisualStudioVersion = 14.0.25123.0
MinimumVisualStudioVersion = 10.0.40219.1
Project("{2150E333-8FDC-42A3-9474-1A3956D46DE8}") = "src", "src", "{D8B7B4BE-4803-42CF-BB15-A9E025C73C7A}"
EndProject
Project("{2150E333-8FDC-42A3-9474-1A3956D46DE8}") = "Solution Items", "Solution Items", "{4CBC0F19-CF1F-4172-B504-001CEE4248F0}"
	ProjectSection(SolutionItems) = preProject
		global.json = global.json
	EndProjectSection
EndProject
Project("{8BB2217D-0F2D-49D1-97BC-3654ED321F3B}") = "TestRestService", "src\TestRestService\TestRestService.xproj", "{5D6316EE-A39D-47DA-97AE-FC1736B9B438}"
EndProject
Project("{FAE04EC0-301F-11D3-BF4B-00C04F79EFBC}") = "SoapService", "..\SoapTest\SoapService\SoapService.csproj", "{20A31AFC-3A49-41BF-B23F-01B0144034EB}"
EndProject
Project("{8BB2217D-0F2D-49D1-97BC-3654ED321F3B}") = "ServicesUI", "src\ServicesUI\ServicesUI.xproj", "{F447C6F0-05D3-462D-9A92-A868BB99677D}"
EndProject
Global
	GlobalSection(SolutionConfigurationPlatforms) = preSolution
		Debug|Any CPU = Debug|Any CPU
		Release|Any CPU = Release|Any CPU
	EndGlobalSection
	GlobalSection(ProjectConfigurationPlatforms) = postSolution
		{5D6316EE-A39D-47DA-97AE-FC1736B9B438}.Debug|Any CPU.ActiveCfg = Debug|Any CPU
		{5D6316EE-A39D-47DA-97AE-FC1736B9B438}.Debug|Any CPU.Build.0 = Debug|Any CPU
		{5D6316EE-A39D-47DA-97AE-FC1736B9B438}.Release|Any CPU.ActiveCfg = Release|Any CPU
		{5D6316EE-A39D-47DA-97AE-FC1736B9B438}.Release|Any CPU.Build.0 = Release|Any CPU
		{20A31AFC-3A49-41BF-B23F-01B0144034EB}.Debug|Any CPU.ActiveCfg = Debug|Any CPU
		{20A31AFC-3A49-41BF-B23F-01B0144034EB}.Debug|Any CPU.Build.0 = Debug|Any CPU
		{20A31AFC-3A49-41BF-B23F-01B0144034EB}.Release|Any CPU.ActiveCfg = Release|Any CPU
		{20A31AFC-3A49-41BF-B23F-01B0144034EB}.Release|Any CPU.Build.0 = Release|Any CPU
		{F447C6F0-05D3-462D-9A92-A868BB99677D}.Debug|Any CPU.ActiveCfg = Debug|Any CPU
		{F447C6F0-05D3-462D-9A92-A868BB99677D}.Debug|Any CPU.Build.0 = Debug|Any CPU
		{F447C6F0-05D3-462D-9A92-A868BB99677D}.Release|Any CPU.ActiveCfg = Release|Any CPU
		{F447C6F0-05D3-462D-9A92-A868BB99677D}.Release|Any CPU.Build.0 = Release|Any CPU
	EndGlobalSection
	GlobalSection(SolutionProperties) = preSolution
		HideSolutionNode = FALSE
	EndGlobalSection
	GlobalSection(NestedProjects) = preSolution
		{5D6316EE-A39D-47DA-97AE-FC1736B9B438} = {D8B7B4BE-4803-42CF-BB15-A9E025C73C7A}
		{20A31AFC-3A49-41BF-B23F-01B0144034EB} = {D8B7B4BE-4803-42CF-BB15-A9E025C73C7A}
		{F447C6F0-05D3-462D-9A92-A868BB99677D} = {D8B7B4BE-4803-42CF-BB15-A9E025C73C7A}
	EndGlobalSection
EndGlobal
